// !$*UTF8*$!
{
	archiveVersion = 1;
	classes = {
	};
	objectVersion = 50;
	objects = {

/* Begin PBXBuildFile section */
		2F268ADE2496766A00ED623A /* AppDelegate.swift in Sources */ = {isa = PBXBuildFile; fileRef = 2F268ADD2496766A00ED623A /* AppDelegate.swift */; };
		2F268AE02496766A00ED623A /* SceneDelegate.swift in Sources */ = {isa = PBXBuildFile; fileRef = 2F268ADF2496766A00ED623A /* SceneDelegate.swift */; };
		2F268AE22496766A00ED623A /* ViewController.swift in Sources */ = {isa = PBXBuildFile; fileRef = 2F268AE12496766A00ED623A /* ViewController.swift */; };
		2F268AE52496766A00ED623A /* Main.storyboard in Resources */ = {isa = PBXBuildFile; fileRef = 2F268AE32496766A00ED623A /* Main.storyboard */; };
		2F268AE7249676B000ED623A /* Assets.xcassets in Resources */ = {isa = PBXBuildFile; fileRef = 2F268AE6249676B000ED623A /* Assets.xcassets */; };
		2F268AEA249676B000ED623A /* LaunchScreen.storyboard in Resources */ = {isa = PBXBuildFile; fileRef = 2F268AE8249676B000ED623A /* LaunchScreen.storyboard */; };
		2F268AF5249676B400ED623A /* CollectionView_ProgramaticoTests.swift in Sources */ = {isa = PBXBuildFile; fileRef = 2F268AF4249676B400ED623A /* CollectionView_ProgramaticoTests.swift */; };
		2F268B00249676B400ED623A /* CollectionView_ProgramaticoUITests.swift in Sources */ = {isa = PBXBuildFile; fileRef = 2F268AFF249676B400ED623A /* CollectionView_ProgramaticoUITests.swift */; };
		2F268B0E2497A5AD00ED623A /* ReadME in Resources */ = {isa = PBXBuildFile; fileRef = 2F268B0D2497A5A600ED623A /* ReadME */; };
/* End PBXBuildFile section */

/* Begin PBXContainerItemProxy section */
		2F268AF1249676B400ED623A /* PBXContainerItemProxy */ = {
			isa = PBXContainerItemProxy;
			containerPortal = 2F268AD22496766800ED623A /* Project object */;
			proxyType = 1;
			remoteGlobalIDString = 2F268AD92496766900ED623A;
			remoteInfo = CollectionView_Programatico;
		};
		2F268AFC249676B400ED623A /* PBXContainerItemProxy */ = {
			isa = PBXContainerItemProxy;
			containerPortal = 2F268AD22496766800ED623A /* Project object */;
			proxyType = 1;
			remoteGlobalIDString = 2F268AD92496766900ED623A;
			remoteInfo = CollectionView_Programatico;
		};
/* End PBXContainerItemProxy section */

/* Begin PBXFileReference section */
		2F268ADA2496766A00ED623A /* CollectionView_Programatico.app */ = {isa = PBXFileReference; explicitFileType = wrapper.application; includeInIndex = 0; path = CollectionView_Programatico.app; sourceTree = BUILT_PRODUCTS_DIR; };
		2F268ADD2496766A00ED623A /* AppDelegate.swift */ = {isa = PBXFileReference; lastKnownFileType = sourcecode.swift; path = AppDelegate.swift; sourceTree = "<group>"; };
		2F268ADF2496766A00ED623A /* SceneDelegate.swift */ = {isa = PBXFileReference; lastKnownFileType = sourcecode.swift; path = SceneDelegate.swift; sourceTree = "<group>"; };
		2F268AE12496766A00ED623A /* ViewController.swift */ = {isa = PBXFileReference; lastKnownFileType = sourcecode.swift; path = ViewController.swift; sourceTree = "<group>"; };
		2F268AE42496766A00ED623A /* Base */ = {isa = PBXFileReference; lastKnownFileType = file.storyboard; name = Base; path = Base.lproj/Main.storyboard; sourceTree = "<group>"; };
		2F268AE6249676B000ED623A /* Assets.xcassets */ = {isa = PBXFileReference; lastKnownFileType = folder.assetcatalog; path = Assets.xcassets; sourceTree = "<group>"; };
		2F268AE9249676B000ED623A /* Base */ = {isa = PBXFileReference; lastKnownFileType = file.storyboard; name = Base; path = Base.lproj/LaunchScreen.storyboard; sourceTree = "<group>"; };
		2F268AEB249676B000ED623A /* Info.plist */ = {isa = PBXFileReference; lastKnownFileType = text.plist.xml; path = Info.plist; sourceTree = "<group>"; };
		2F268AF0249676B400ED623A /* CollectionView_ProgramaticoTests.xctest */ = {isa = PBXFileReference; explicitFileType = wrapper.cfbundle; includeInIndex = 0; path = CollectionView_ProgramaticoTests.xctest; sourceTree = BUILT_PRODUCTS_DIR; };
		2F268AF4249676B400ED623A /* CollectionView_ProgramaticoTests.swift */ = {isa = PBXFileReference; lastKnownFileType = sourcecode.swift; path = CollectionView_ProgramaticoTests.swift; sourceTree = "<group>"; };
		2F268AF6249676B400ED623A /* Info.plist */ = {isa = PBXFileReference; lastKnownFileType = text.plist.xml; path = Info.plist; sourceTree = "<group>"; };
		2F268AFB249676B400ED623A /* CollectionView_ProgramaticoUITests.xctest */ = {isa = PBXFileReference; explicitFileType = wrapper.cfbundle; includeInIndex = 0; path = CollectionView_ProgramaticoUITests.xctest; sourceTree = BUILT_PRODUCTS_DIR; };
		2F268AFF249676B400ED623A /* CollectionView_ProgramaticoUITests.swift */ = {isa = PBXFileReference; lastKnownFileType = sourcecode.swift; path = CollectionView_ProgramaticoUITests.swift; sourceTree = "<group>"; };
		2F268B01249676B400ED623A /* Info.plist */ = {isa = PBXFileReference; lastKnownFileType = text.plist.xml; path = Info.plist; sourceTree = "<group>"; };
		2F268B0D2497A5A600ED623A /* ReadME */ = {isa = PBXFileReference; lastKnownFileType = text; path = ReadME; sourceTree = "<group>"; };
/* End PBXFileReference section */

/* Begin PBXFrameworksBuildPhase section */
		2F268AD72496766900ED623A /* Frameworks */ = {
			isa = PBXFrameworksBuildPhase;
			buildActionMask = 2147483647;
			files = (
			);
			runOnlyForDeploymentPostprocessing = 0;
		};
		2F268AED249676B400ED623A /* Frameworks */ = {
			isa = PBXFrameworksBuildPhase;
			buildActionMask = 2147483647;
			files = (
			);
			runOnlyForDeploymentPostprocessing = 0;
		};
		2F268AF8249676B400ED623A /* Frameworks */ = {
			isa = PBXFrameworksBuildPhase;
			buildActionMask = 2147483647;
			files = (
			);
			runOnlyForDeploymentPostprocessing = 0;
		};
/* End PBXFrameworksBuildPhase section */

/* Begin PBXGroup section */
		2F268AD12496766800ED623A = {
			isa = PBXGroup;
			children = (
				2F268ADC2496766A00ED623A /* CollectionView_Programatico */,
				2F268AF3249676B400ED623A /* CollectionView_ProgramaticoTests */,
				2F268AFE249676B400ED623A /* CollectionView_ProgramaticoUITests */,
				2F268ADB2496766A00ED623A /* Products */,
			);
			sourceTree = "<group>";
		};
		2F268ADB2496766A00ED623A /* Products */ = {
			isa = PBXGroup;
			children = (
				2F268ADA2496766A00ED623A /* CollectionView_Programatico.app */,
				2F268AF0249676B400ED623A /* CollectionView_ProgramaticoTests.xctest */,
				2F268AFB249676B400ED623A /* CollectionView_ProgramaticoUITests.xctest */,
			);
			name = Products;
			sourceTree = "<group>";
		};
		2F268ADC2496766A00ED623A /* CollectionView_Programatico */ = {
			isa = PBXGroup;
			children = (
				2F268ADD2496766A00ED623A /* AppDelegate.swift */,
				2F268ADF2496766A00ED623A /* SceneDelegate.swift */,
				2F268AE12496766A00ED623A /* ViewController.swift */,
				2F268AE32496766A00ED623A /* Main.storyboard */,
				2F268AE6249676B000ED623A /* Assets.xcassets */,
				2F268AE8249676B000ED623A /* LaunchScreen.storyboard */,
				2F268AEB249676B000ED623A /* Info.plist */,
				2F268B0D2497A5A600ED623A /* ReadME */,
			);
			path = CollectionView_Programatico;
			sourceTree = "<group>";
		};
		2F268AF3249676B400ED623A /* CollectionView_ProgramaticoTests */ = {
			isa = PBXGroup;
			children = (
				2F268AF4249676B400ED623A /* CollectionView_ProgramaticoTests.swift */,
				2F268AF6249676B400ED623A /* Info.plist */,
			);
			path = CollectionView_ProgramaticoTests;
			sourceTree = "<group>";
		};
		2F268AFE249676B400ED623A /* CollectionView_ProgramaticoUITests */ = {
			isa = PBXGroup;
			children = (
				2F268AFF249676B400ED623A /* CollectionView_ProgramaticoUITests.swift */,
				2F268B01249676B400ED623A /* Info.plist */,
			);
			path = CollectionView_ProgramaticoUITests;
			sourceTree = "<group>";
		};
/* End PBXGroup section */

/* Begin PBXNativeTarget section */
		2F268AD92496766900ED623A /* CollectionView_Programatico */ = {
			isa = PBXNativeTarget;
			buildConfigurationList = 2F268B04249676B400ED623A /* Build configuration list for PBXNativeTarget "CollectionView_Programatico" */;
			buildPhases = (
				2F268AD62496766900ED623A /* Sources */,
				2F268AD72496766900ED623A /* Frameworks */,
				2F268AD82496766900ED623A /* Resources */,
			);
			buildRules = (
			);
			dependencies = (
			);
			name = CollectionView_Programatico;
			productName = CollectionView_Programatico;
			productReference = 2F268ADA2496766A00ED623A /* CollectionView_Programatico.app */;
			productType = "com.apple.product-type.application";
		};
		2F268AEF249676B400ED623A /* CollectionView_ProgramaticoTests */ = {
			isa = PBXNativeTarget;
			buildConfigurationList = 2F268B07249676B400ED623A /* Build configuration list for PBXNativeTarget "CollectionView_ProgramaticoTests" */;
			buildPhases = (
				2F268AEC249676B400ED623A /* Sources */,
				2F268AED249676B400ED623A /* Frameworks */,
				2F268AEE249676B400ED623A /* Resources */,
			);
			buildRules = (
			);
			dependencies = (
				2F268AF2249676B400ED623A /* PBXTargetDependency */,
			);
			name = CollectionView_ProgramaticoTests;
			productName = CollectionView_ProgramaticoTests;
			productReference = 2F268AF0249676B400ED623A /* CollectionView_ProgramaticoTests.xctest */;
			productType = "com.apple.product-type.bundle.unit-test";
		};
		2F268AFA249676B400ED623A /* CollectionView_ProgramaticoUITests */ = {
			isa = PBXNativeTarget;
			buildConfigurationList = 2F268B0A249676B400ED623A /* Build configuration list for PBXNativeTarget "CollectionView_ProgramaticoUITests" */;
			buildPhases = (
				2F268AF7249676B400ED623A /* Sources */,
				2F268AF8249676B400ED623A /* Frameworks */,
				2F268AF9249676B400ED623A /* Resources */,
			);
			buildRules = (
			);
			dependencies = (
				2F268AFD249676B400ED623A /* PBXTargetDependency */,
			);
			name = CollectionView_ProgramaticoUITests;
			productName = CollectionView_ProgramaticoUITests;
			productReference = 2F268AFB249676B400ED623A /* CollectionView_ProgramaticoUITests.xctest */;
			productType = "com.apple.product-type.bundle.ui-testing";
		};
/* End PBXNativeTarget section */

/* Begin PBXProject section */
		2F268AD22496766800ED623A /* Project object */ = {
			isa = PBXProject;
			attributes = {
				LastSwiftUpdateCheck = 1150;
				LastUpgradeCheck = 1150;
				ORGANIZATIONNAME = "Edmilson vieira da silva";
				TargetAttributes = {
					2F268AD92496766900ED623A = {
						CreatedOnToolsVersion = 11.5;
					};
					2F268AEF249676B400ED623A = {
						CreatedOnToolsVersion = 11.5;
						TestTargetID = 2F268AD92496766900ED623A;
					};
					2F268AFA249676B400ED623A = {
						CreatedOnToolsVersion = 11.5;
						TestTargetID = 2F268AD92496766900ED623A;
					};
				};
			};
			buildConfigurationList = 2F268AD52496766800ED623A /* Build configuration list for PBXProject "CollectionView_Programatico" */;
			compatibilityVersion = "Xcode 9.3";
			developmentRegion = en;
			hasScannedForEncodings = 0;
			knownRegions = (
				en,
				Base,
			);
			mainGroup = 2F268AD12496766800ED623A;
			productRefGroup = 2F268ADB2496766A00ED623A /* Products */;
			projectDirPath = "";
			projectRoot = "";
			targets = (
				2F268AD92496766900ED623A /* CollectionView_Programatico */,
				2F268AEF249676B400ED623A /* CollectionView_ProgramaticoTests */,
				2F268AFA249676B400ED623A /* CollectionView_ProgramaticoUITests */,
			);
		};
/* End PBXProject section */

/* Begin PBXResourcesBuildPhase section */
		2F268AD82496766900ED623A /* Resources */ = {
			isa = PBXResourcesBuildPhase;
			buildActionMask = 2147483647;
			files = (
				2F268B0E2497A5AD00ED623A /* ReadME in Resources */,
				2F268AEA249676B000ED623A /* LaunchScreen.storyboard in Resources */,
				2F268AE7249676B000ED623A /* Assets.xcassets in Resources */,
				2F268AE52496766A00ED623A /* Main.storyboard in Resources */,
			);
			runOnlyForDeploymentPostprocessing = 0;
		};
		2F268AEE249676B400ED623A /* Resources */ = {
			isa = PBXResourcesBuildPhase;
			buildActionMask = 2147483647;
			files = (
			);
			runOnlyForDeploymentPostprocessing = 0;
		};
		2F268AF9249676B400ED623A /* Resources */ = {
			isa = PBXResourcesBuildPhase;
			buildActionMask = 2147483647;
			files = (
			);
			runOnlyForDeploymentPostprocessing = 0;
		};
/* End PBXResourcesBuildPhase section */

/* Begin PBXSourcesBuildPhase section */
		2F268AD62496766900ED623A /* Sources */ = {
			isa = PBXSourcesBuildPhase;
			buildActionMask = 2147483647;
			files = (
				2F268AE22496766A00ED623A /* ViewController.swift in Sources */,
				2F268ADE2496766A00ED623A /* AppDelegate.swift in Sources */,
				2F268AE02496766A00ED623A /* SceneDelegate.swift in Sources */,
			);
			runOnlyForDeploymentPostprocessing = 0;
		};
		2F268AEC249676B400ED623A /* Sources */ = {
			isa = PBXSourcesBuildPhase;
			buildActionMask = 2147483647;
			files = (
				2F268AF5249676B400ED623A /* CollectionView_ProgramaticoTests.swift in Sources */,
			);
			runOnlyForDeploymentPostprocessing = 0;
		};
		2F268AF7249676B400ED623A /* Sources */ = {
			isa = PBXSourcesBuildPhase;
			buildActionMask = 2147483647;
			files = (
				2F268B00249676B400ED623A /* CollectionView_ProgramaticoUITests.swift in Sources */,
			);
			runOnlyForDeploymentPostprocessing = 0;
		};
/* End PBXSourcesBuildPhase section */

/* Begin PBXTargetDependency section */
		2F268AF2249676B400ED623A /* PBXTargetDependency */ = {
			isa = PBXTargetDependency;
			target = 2F268AD92496766900ED623A /* CollectionView_Programatico */;
			targetProxy = 2F268AF1249676B400ED623A /* PBXContainerItemProxy */;
		};
		2F268AFD249676B400ED623A /* PBXTargetDependency */ = {
			isa = PBXTargetDependency;
			target = 2F268AD92496766900ED623A /* CollectionView_Programatico */;
			targetProxy = 2F268AFC249676B400ED623A /* PBXContainerItemProxy */;
		};
/* End PBXTargetDependency section */

/* Begin PBXVariantGroup section */
		2F268AE32496766A00ED623A /* Main.storyboard */ = {
			isa = PBXVariantGroup;
			children = (
				2F268AE42496766A00ED623A /* Base */,
			);
			name = Main.storyboard;
			sourceTree = "<group>";
		};
		2F268AE8249676B000ED623A /* LaunchScreen.storyboard */ = {
			isa = PBXVariantGroup;
			children = (
				2F268AE9249676B000ED623A /* Base */,
			);
			name = LaunchScreen.storyboard;
			sourceTree = "<group>";
		};
/* End PBXVariantGroup section */

/* Begin XCBuildConfiguration section */
		2F268B02249676B400ED623A /* Debug */ = {
			isa = XCBuildConfiguration;
			buildSettings = {
				ALWAYS_SEARCH_USER_PATHS = NO;
				CLANG_ANALYZER_NONNULL = YES;
				CLANG_ANALYZER_NUMBER_OBJECT_CONVERSION = YES_AGGRESSIVE;
				CLANG_CXX_LANGUAGE_STANDARD = "gnu++14";
				CLANG_CXX_LIBRARY = "libc++";
				CLANG_ENABLE_MODULES = YES;
				CLANG_ENABLE_OBJC_ARC = YES;
				CLANG_ENABLE_OBJC_WEAK = YES;
				CLANG_WARN_BLOCK_CAPTURE_AUTORELEASING = YES;
				CLANG_WARN_BOOL_CONVERSION = YES;
				CLANG_WARN_COMMA = YES;
				CLANG_WARN_CONSTANT_CONVERSION = YES;
				CLANG_WARN_DEPRECATED_OBJC_IMPLEMENTATIONS = YES;
				CLANG_WARN_DIRECT_OBJC_ISA_USAGE = YES_ERROR;
				CLANG_WARN_DOCUMENTATION_COMMENTS = YES;
				CLANG_WARN_EMPTY_BODY = YES;
				CLANG_WARN_ENUM_CONVERSION = YES;
				CLANG_WARN_INFINITE_RECURSION = YES;
				CLANG_WARN_INT_CONVERSION = YES;
				CLANG_WARN_NON_LITERAL_NULL_CONVERSION = YES;
				CLANG_WARN_OBJC_IMPLICIT_RETAIN_SELF = YES;
				CLANG_WARN_OBJC_LITERAL_CONVERSION = YES;
				CLANG_WARN_OBJC_ROOT_CLASS = YES_ERROR;
				CLANG_WARN_RANGE_LOOP_ANALYSIS = YES;
				CLANG_WARN_STRICT_PROTOTYPES = YES;
				CLANG_WARN_SUSPICIOUS_MOVE = YES;
				CLANG_WARN_UNGUARDED_AVAILABILITY = YES_AGGRESSIVE;
				CLANG_WARN_UNREACHABLE_CODE = YES;
				CLANG_WARN__DUPLICATE_METHOD_MATCH = YES;
				COPY_PHASE_STRIP = NO;
				DEBUG_INFORMATION_FORMAT = dwarf;
				ENABLE_STRICT_OBJC_MSGSEND = YES;
				ENABLE_TESTABILITY = YES;
				GCC_C_LANGUAGE_STANDARD = gnu11;
				GCC_DYNAMIC_NO_PIC = NO;
				GCC_NO_COMMON_BLOCKS = YES;
				GCC_OPTIMIZATION_LEVEL = 0;
				GCC_PREPROCESSOR_DEFINITIONS = (
					"DEBUG=1",
					"$(inherited)",
				);
				GCC_WARN_64_TO_32_BIT_CONVERSION = YES;
				GCC_WARN_ABOUT_RETURN_TYPE = YES_ERROR;
				GCC_WARN_UNDECLARED_SELECTOR = YES;
				GCC_WARN_UNINITIALIZED_AUTOS = YES_AGGRESSIVE;
				GCC_WARN_UNUSED_FUNCTION = YES;
				GCC_WARN_UNUSED_VARIABLE = YES;
				IPHONEOS_DEPLOYMENT_TARGET = 13.5;
				MTL_ENABLE_DEBUG_INFO = INCLUDE_SOURCE;
				MTL_FAST_MATH = YES;
				ONLY_ACTIVE_ARCH = YES;
				SDKROOT = iphoneos;
				SWIFT_ACTIVE_COMPILATION_CONDITIONS = DEBUG;
				SWIFT_OPTIMIZATION_LEVEL = "-Onone";
			};
			name = Debug;
		};
		2F268B03249676B400ED623A /* Release */ = {
			isa = XCBuildConfiguration;
			buildSettings = {
				ALWAYS_SEARCH_USER_PATHS = NO;
				CLANG_ANALYZER_NONNULL = YES;
				CLANG_ANALYZER_NUMBER_OBJECT_CONVERSION = YES_AGGRESSIVE;
				CLANG_CXX_LANGUAGE_STANDARD = "gnu++14";
				CLANG_CXX_LIBRARY = "libc++";
				CLANG_ENABLE_MODULES = YES;
				CLANG_ENABLE_OBJC_ARC = YES;
				CLANG_ENABLE_OBJC_WEAK = YES;
				CLANG_WARN_BLOCK_CAPTURE_AUTORELEASING = YES;
				CLANG_WARN_BOOL_CONVERSION = YES;
				CLANG_WARN_COMMA = YES;
				CLANG_WARN_CONSTANT_CONVERSION = YES;
				CLANG_WARN_DEPRECATED_OBJC_IMPLEMENTATIONS = YES;
				CLANG_WARN_DIRECT_OBJC_ISA_USAGE = YES_ERROR;
				CLANG_WARN_DOCUMENTATION_COMMENTS = YES;
				CLANG_WARN_EMPTY_BODY = YES;
				CLANG_WARN_ENUM_CONVERSION = YES;
				CLANG_WARN_INFINITE_RECURSION = YES;
				CLANG_WARN_INT_CONVERSION = YES;
				CLANG_WARN_NON_LITERAL_NULL_CONVERSION = YES;
				CLANG_WARN_OBJC_IMPLICIT_RETAIN_SELF = YES;
				CLANG_WARN_OBJC_LITERAL_CONVERSION = YES;
				CLANG_WARN_OBJC_ROOT_CLASS = YES_ERROR;
				CLANG_WARN_RANGE_LOOP_ANALYSIS = YES;
				CLANG_WARN_STRICT_PROTOTYPES = YES;
				CLANG_WARN_SUSPICIOUS_MOVE = YES;
				CLANG_WARN_UNGUARDED_AVAILABILITY = YES_AGGRESSIVE;
				CLANG_WARN_UNREACHABLE_CODE = YES;
				CLANG_WARN__DUPLICATE_METHOD_MATCH = YES;
				COPY_PHASE_STRIP = NO;
				DEBUG_INFORMATION_FORMAT = "dwarf-with-dsym";
				ENABLE_NS_ASSERTIONS = NO;
				ENABLE_STRICT_OBJC_MSGSEND = YES;
				GCC_C_LANGUAGE_STANDARD = gnu11;
				GCC_NO_COMMON_BLOCKS = YES;
				GCC_WARN_64_TO_32_BIT_CONVERSION = YES;
				GCC_WARN_ABOUT_RETURN_TYPE = YES_ERROR;
				GCC_WARN_UNDECLARED_SELECTOR = YES;
				GCC_WARN_UNINITIALIZED_AUTOS = YES_AGGRESSIVE;
				GCC_WARN_UNUSED_FUNCTION = YES;
				GCC_WARN_UNUSED_VARIABLE = YES;
				IPHONEOS_DEPLOYMENT_TARGET = 13.5;
				MTL_ENABLE_DEBUG_INFO = NO;
				MTL_FAST_MATH = YES;
				SDKROOT = iphoneos;
				SWIFT_COMPILATION_MODE = wholemodule;
				SWIFT_OPTIMIZATION_LEVEL = "-O";
				VALIDATE_PRODUCT = YES;
			};
			name = Release;
		};
		2F268B05249676B400ED623A /* Debug */ = {
			isa = XCBuildConfiguration;
			buildSettings = {
				ASSETCATALOG_COMPILER_APPICON_NAME = AppIcon;
				CODE_SIGN_STYLE = Automatic;
				DEVELOPMENT_TEAM = 7C6KV652RR;
				INFOPLIST_FILE = CollectionView_Programatico/Info.plist;
				LD_RUNPATH_SEARCH_PATHS = (
					"$(inherited)",
					"@executable_path/Frameworks",
				);
				PRODUCT_BUNDLE_IDENTIFIER = "com.Edmilson.CollectionView-Programatico";
				PRODUCT_NAME = "$(TARGET_NAME)";
				SWIFT_VERSION = 5.0;
				TARGETED_DEVICE_FAMILY = "1,2";
			};
			name = Debug;
		};
		2F268B06249676B400ED623A /* Release */ = {
			isa = XCBuildConfiguration;
			buildSettings = {
				ASSETCATALOG_COMPILER_APPICON_NAME = AppIcon;
				CODE_SIGN_STYLE = Automatic;
				DEVELOPMENT_TEAM = 7C6KV652RR;
				INFOPLIST_FILE = CollectionView_Programatico/Info.plist;
				LD_RUNPATH_SEARCH_PATHS = (
					"$(inherited)",
					"@executable_path/Frameworks",
				);
				PRODUCT_BUNDLE_IDENTIFIER = "com.Edmilson.CollectionView-Programatico";
				PRODUCT_NAME = "$(TARGET_NAME)";
				SWIFT_VERSION = 5.0;
				TARGETED_DEVICE_FAMILY = "1,2";
			};
			name = Release;
		};
		2F268B08249676B400ED623A /* Debug */ = {
			isa = XCBuildConfiguration;
			buildSettings = {
				ALWAYS_EMBED_SWIFT_STANDARD_LIBRARIES = YES;
				BUNDLE_LOADER = "$(TEST_HOST)";
				CODE_SIGN_STYLE = Automatic;
				DEVELOPMENT_TEAM = 7C6KV652RR;
				INFOPLIST_FILE = CollectionView_ProgramaticoTests/Info.plist;
				IPHONEOS_DEPLOYMENT_TARGET = 13.5;
				LD_RUNPATH_SEARCH_PATHS = (
					"$(inherited)",
					"@executable_path/Frameworks",
					"@loader_path/Frameworks",
				);
				PRODUCT_BUNDLE_IDENTIFIER = "com.Edmilson.CollectionView-ProgramaticoTests";
				PRODUCT_NAME = "$(TARGET_NAME)";
				SWIFT_VERSION = 5.0;
				TARGETED_DEVICE_FAMILY = "1,2";
				TEST_HOST = "$(BUILT_PRODUCTS_DIR)/CollectionView_Programatico.app/CollectionView_Programatico";
			};
			name = Debug;
		};
		2F268B09249676B400ED623A /* Release */ = {
			isa = XCBuildConfiguration;
			buildSettings = {
				ALWAYS_EMBED_SWIFT_STANDARD_LIBRARIES = YES;
				BUNDLE_LOADER = "$(TEST_HOST)";
				CODE_SIGN_STYLE = Automatic;
				DEVELOPMENT_TEAM = 7C6KV652RR;
				INFOPLIST_FILE = CollectionView_ProgramaticoTests/Info.plist;
				IPHONEOS_DEPLOYMENT_TARGET = 13.5;
				LD_RUNPATH_SEARCH_PATHS = (
					"$(inherited)",
					"@executable_path/Frameworks",
					"@loader_path/Frameworks",
				);
				PRODUCT_BUNDLE_IDENTIFIER = "com.Edmilson.CollectionView-ProgramaticoTests";
				PRODUCT_NAME = "$(TARGET_NAME)";
				SWIFT_VERSION = 5.0;
				TARGETED_DEVICE_FAMILY = "1,2";
				TEST_HOST = "$(BUILT_PRODUCTS_DIR)/CollectionView_Programatico.app/CollectionView_Programatico";
			};
			name = Release;
		};
		2F268B0B249676B400ED623A /* Debug */ = {
			isa = XCBuildConfiguration;
			buildSettings = {
				ALWAYS_EMBED_SWIFT_STANDARD_LIBRARIES = YES;
				CODE_SIGN_STYLE = Automatic;
				DEVELOPMENT_TEAM = 7C6KV652RR;
				INFOPLIST_FILE = CollectionView_ProgramaticoUITests/Info.plist;
				LD_RUNPATH_SEARCH_PATHS = (
					"$(inherited)",
					"@executable_path/Frameworks",
					"@loader_path/Frameworks",
				);
				PRODUCT_BUNDLE_IDENTIFIER = "com.Edmilson.CollectionView-ProgramaticoUITests";
				PRODUCT_NAME = "$(TARGET_NAME)";
				SWIFT_VERSION = 5.0;
				TARGETED_DEVICE_FAMILY = "1,2";
				TEST_TARGET_NAME = CollectionView_Programatico;
			};
			name = Debug;
		};
		2F268B0C249676B400ED623A /* Release */ = {
			isa = XCBuildConfiguration;
			buildSettings = {
				ALWAYS_EMBED_SWIFT_STANDARD_LIBRARIES = YES;
				CODE_SIGN_STYLE = Automatic;
				DEVELOPMENT_TEAM = 7C6KV652RR;
				INFOPLIST_FILE = CollectionView_ProgramaticoUITests/Info.plist;
				LD_RUNPATH_SEARCH_PATHS = (
					"$(inherited)",
					"@executable_path/Frameworks",
					"@loader_path/Frameworks",
				);
				PRODUCT_BUNDLE_IDENTIFIER = "com.Edmilson.CollectionView-ProgramaticoUITests";
				PRODUCT_NAME = "$(TARGET_NAME)";
				SWIFT_VERSION = 5.0;
				TARGETED_DEVICE_FAMILY = "1,2";
				TEST_TARGET_NAME = CollectionView_Programatico;
			};
			name = Release;
		};
/* End XCBuildConfiguration section */

/* Begin XCConfigurationList section */
		2F268AD52496766800ED623A /* Build configuration list for PBXProject "CollectionView_Programatico" */ = {
			isa = XCConfigurationList;
			buildConfigurations = (
				2F268B02249676B400ED623A /* Debug */,
				2F268B03249676B400ED623A /* Release */,
			);
			defaultConfigurationIsVisible = 0;
			defaultConfigurationName = Release;
		};
		2F268B04249676B400ED623A /* Build configuration list for PBXNativeTarget "CollectionView_Programatico" */ = {
			isa = XCConfigurationList;
			buildConfigurations = (
				2F268B05249676B400ED623A /* Debug */,
				2F268B06249676B400ED623A /* Release */,
			);
			defaultConfigurationIsVisible = 0;
			defaultConfigurationName = Release;
		};
		2F268B07249676B400ED623A /* Build configuration list for PBXNativeTarget "CollectionView_ProgramaticoTests" */ = {
			isa = XCConfigurationList;
			buildConfigurations = (
				2F268B08249676B400ED623A /* Debug */,
				2F268B09249676B400ED623A /* Release */,
			);
			defaultConfigurationIsVisible = 0;
			defaultConfigurationName = Release;
		};
		2F268B0A249676B400ED623A /* Build configuration list for PBXNativeTarget "CollectionView_ProgramaticoUITests" */ = {
			isa = XCConfigurationList;
			buildConfigurations = (
				2F268B0B249676B400ED623A /* Debug */,
				2F268B0C249676B400ED623A /* Release */,
			);
			defaultConfigurationIsVisible = 0;
			defaultConfigurationName = Release;
		};
/* End XCConfigurationList section */
	};
	rootObject = 2F268AD22496766800ED623A /* Project object */;
}
